
Microsoft Visual Studio Solution File, Format Version 12.00
# Visual Studio Version 17
VisualStudioVersion = 17.7.34031.279
MinimumVisualStudioVersion = 10.0.40219.1
Project("{FAE04EC0-301F-11D3-BF4B-00C04F79EFBC}") = "domPesho", "domPesho\domPesho.csproj", "{EF3B085D-CD2E-49E4-B7BA-F91F2A07FF36}"
EndProject
Global
	GlobalSection(SolutionConfigurationPlatforms) = preSolution
		Debug|Any CPU = Debug|Any CPU
		Release|Any CPU = Release|Any CPU
	EndGlobalSection
	GlobalSection(ProjectConfigurationPlatforms) = postSolution
		{EF3B085D-CD2E-49E4-B7BA-F91F2A07FF36}.Debug|Any CPU.ActiveCfg = Debug|Any CPU
		{EF3B085D-CD2E-49E4-B7BA-F91F2A07FF36}.Debug|Any CPU.Build.0 = Debug|Any CPU
		{EF3B085D-CD2E-49E4-B7BA-F91F2A07FF36}.Release|Any CPU.ActiveCfg = Release|Any CPU
		{EF3B085D-CD2E-49E4-B7BA-F91F2A07FF36}.Release|Any CPU.Build.0 = Release|Any CPU
	EndGlobalSection
	GlobalSection(SolutionProperties) = preSolution
		HideSolutionNode = FALSE
	EndGlobalSection
	GlobalSection(ExtensibilityGlobals) = postSolution
		SolutionGuid = {3623095D-2DE0-4781-9C22-846A6F4051EE}
	EndGlobalSection
EndGlobal
